// !$*UTF8*$!
{
	archiveVersion = 1;
	classes = {
	};
	objectVersion = 46;
	objects = {

/* Begin PBXBuildFile section */
		0E0E7AA2B4884B2C8C4B79EA /* libPods-LinePleaseTests.a in Frameworks */ = {isa = PBXBuildFile; fileRef = C3C7E93680124757A63536EB /* libPods-LinePleaseTests.a */; };
		85F3A0C4BC0B4C4E8956A46C /* libPods.a in Frameworks */ = {isa = PBXBuildFile; fileRef = ABD0559C796347E6BF0180AF /* libPods.a */; };
		B21E20911841B9F30090AE1C /* LPNavigationController.m in Sources */ = {isa = PBXBuildFile; fileRef = B21E20901841B9F30090AE1C /* LPNavigationController.m */; };
		B21E20941841D6750090AE1C /* SettingsViewController.m in Sources */ = {isa = PBXBuildFile; fileRef = B21E20931841D6750090AE1C /* SettingsViewController.m */; };
		B21E20971841D79D0090AE1C /* ProfileViewController.m in Sources */ = {isa = PBXBuildFile; fileRef = B21E20961841D79D0090AE1C /* ProfileViewController.m */; };
		B21E209A1841E6520090AE1C /* AddScriptViewController.m in Sources */ = {isa = PBXBuildFile; fileRef = B21E20991841E6520090AE1C /* AddScriptViewController.m */; };
		B21E209E184285600090AE1C /* Speaker.m in Sources */ = {isa = PBXBuildFile; fileRef = B21E209D184285600090AE1C /* Speaker.m */; };
		B21E20A11842F16D0090AE1C /* EditLineViewController.m in Sources */ = {isa = PBXBuildFile; fileRef = B21E20A01842F16D0090AE1C /* EditLineViewController.m */; };
		B24A4CEC17FFCD9100304FD6 /* LineViewController.m in Sources */ = {isa = PBXBuildFile; fileRef = B24A4CEB17FFCD9100304FD6 /* LineViewController.m */; };
		B24A4CEE17FFCDA500304FD6 /* AVFoundation.framework in Frameworks */ = {isa = PBXBuildFile; fileRef = B24A4CED17FFCDA500304FD6 /* AVFoundation.framework */; };
		B28A7A7A183DD33000169BDE /* AudioToolbox.framework in Frameworks */ = {isa = PBXBuildFile; fileRef = B28A7A79183DD33000169BDE /* AudioToolbox.framework */; };
		B28A7A7B183DD33500169BDE /* AVFoundation.framework in Frameworks */ = {isa = PBXBuildFile; fileRef = B24A4CED17FFCDA500304FD6 /* AVFoundation.framework */; };
		B28A7A83183F1DF700169BDE /* EmailLoginViewController.m in Sources */ = {isa = PBXBuildFile; fileRef = B28A7A82183F1DF700169BDE /* EmailLoginViewController.m */; };
		B28A7A85183F29C900169BDE /* QuartzCore.framework in Frameworks */ = {isa = PBXBuildFile; fileRef = B28A7A84183F29C900169BDE /* QuartzCore.framework */; };
		B28A7A88183F2A0C00169BDE /* StyleHelper.m in Sources */ = {isa = PBXBuildFile; fileRef = B28A7A87183F2A0C00169BDE /* StyleHelper.m */; };
		B28A7A8B183F30A600169BDE /* HTAutocompleteManager.m in Sources */ = {isa = PBXBuildFile; fileRef = B28A7A8A183F30A600169BDE /* HTAutocompleteManager.m */; };
		B28A7A8E183F31B800169BDE /* SignupViewController.m in Sources */ = {isa = PBXBuildFile; fileRef = B28A7A8D183F31B800169BDE /* SignupViewController.m */; };
		B28C00BC17FE6043004A31D9 /* Foundation.framework in Frameworks */ = {isa = PBXBuildFile; fileRef = B28C00BB17FE6043004A31D9 /* Foundation.framework */; };
		B28C00BE17FE6043004A31D9 /* CoreGraphics.framework in Frameworks */ = {isa = PBXBuildFile; fileRef = B28C00BD17FE6043004A31D9 /* CoreGraphics.framework */; };
		B28C00C017FE6043004A31D9 /* UIKit.framework in Frameworks */ = {isa = PBXBuildFile; fileRef = B28C00BF17FE6043004A31D9 /* UIKit.framework */; };
		B28C00C617FE6043004A31D9 /* InfoPlist.strings in Resources */ = {isa = PBXBuildFile; fileRef = B28C00C417FE6043004A31D9 /* InfoPlist.strings */; };
		B28C00C817FE6043004A31D9 /* main.m in Sources */ = {isa = PBXBuildFile; fileRef = B28C00C717FE6043004A31D9 /* main.m */; };
		B28C00CC17FE6043004A31D9 /* AppDelegate.m in Sources */ = {isa = PBXBuildFile; fileRef = B28C00CB17FE6043004A31D9 /* AppDelegate.m */; };
		B28C00CF17FE6043004A31D9 /* Main_iPhone.storyboard in Resources */ = {isa = PBXBuildFile; fileRef = B28C00CD17FE6043004A31D9 /* Main_iPhone.storyboard */; };
		B28C00D217FE6043004A31D9 /* Main_iPad.storyboard in Resources */ = {isa = PBXBuildFile; fileRef = B28C00D017FE6043004A31D9 /* Main_iPad.storyboard */; };
		B28C00D517FE6043004A31D9 /* LoginViewController.m in Sources */ = {isa = PBXBuildFile; fileRef = B28C00D417FE6043004A31D9 /* LoginViewController.m */; };
		B28C00D717FE6043004A31D9 /* Images.xcassets in Resources */ = {isa = PBXBuildFile; fileRef = B28C00D617FE6043004A31D9 /* Images.xcassets */; };
		B28C00DE17FE6043004A31D9 /* XCTest.framework in Frameworks */ = {isa = PBXBuildFile; fileRef = B28C00DD17FE6043004A31D9 /* XCTest.framework */; };
		B28C00DF17FE6043004A31D9 /* Foundation.framework in Frameworks */ = {isa = PBXBuildFile; fileRef = B28C00BB17FE6043004A31D9 /* Foundation.framework */; };
		B28C00E017FE6043004A31D9 /* UIKit.framework in Frameworks */ = {isa = PBXBuildFile; fileRef = B28C00BF17FE6043004A31D9 /* UIKit.framework */; };
		B28C00E817FE6043004A31D9 /* InfoPlist.strings in Resources */ = {isa = PBXBuildFile; fileRef = B28C00E617FE6043004A31D9 /* InfoPlist.strings */; };
		B28C00EA17FE6043004A31D9 /* LinePleaseTests.m in Sources */ = {isa = PBXBuildFile; fileRef = B28C00E917FE6043004A31D9 /* LinePleaseTests.m */; };
		B28C00F617FE62DE004A31D9 /* Line.m in Sources */ = {isa = PBXBuildFile; fileRef = B28C00F517FE62DE004A31D9 /* Line.m */; };
		B28C00F717FE62DE004A31D9 /* Line.m in Sources */ = {isa = PBXBuildFile; fileRef = B28C00F517FE62DE004A31D9 /* Line.m */; };
		B28C00FE17FE66F5004A31D9 /* Script.m in Sources */ = {isa = PBXBuildFile; fileRef = B28C00FD17FE66F5004A31D9 /* Script.m */; };
		B28C00FF17FE66F5004A31D9 /* Script.m in Sources */ = {isa = PBXBuildFile; fileRef = B28C00FD17FE66F5004A31D9 /* Script.m */; };
		B28C010217FE670B004A31D9 /* User.m in Sources */ = {isa = PBXBuildFile; fileRef = B28C010117FE670B004A31D9 /* User.m */; };
		B28C010317FE670B004A31D9 /* User.m in Sources */ = {isa = PBXBuildFile; fileRef = B28C010117FE670B004A31D9 /* User.m */; };
		B2C8896B17FE727800C66707 /* LoginViewControllerSpec.m in Sources */ = {isa = PBXBuildFile; fileRef = B2C8896A17FE727800C66707 /* LoginViewControllerSpec.m */; };
		B2C8896F17FE7FEB00C66707 /* AlertViewProvider.m in Sources */ = {isa = PBXBuildFile; fileRef = B2C8896E17FE7FEB00C66707 /* AlertViewProvider.m */; };
		B2C8897017FE7FEB00C66707 /* AlertViewProvider.m in Sources */ = {isa = PBXBuildFile; fileRef = B2C8896E17FE7FEB00C66707 /* AlertViewProvider.m */; };
		B2C8897317FE9B1600C66707 /* ScriptViewController.m in Sources */ = {isa = PBXBuildFile; fileRef = B2C8897217FE9B1600C66707 /* ScriptViewController.m */; };
/* End PBXBuildFile section */

/* Begin PBXContainerItemProxy section */
		B28C00E117FE6043004A31D9 /* PBXContainerItemProxy */ = {
			isa = PBXContainerItemProxy;
			containerPortal = B28C00B017FE6043004A31D9 /* Project object */;
			proxyType = 1;
			remoteGlobalIDString = B28C00B717FE6043004A31D9;
			remoteInfo = LinePlease;
		};
/* End PBXContainerItemProxy section */

/* Begin PBXFileReference section */
		1AE31AC999B34434A27DF5A2 /* Pods.xcconfig */ = {isa = PBXFileReference; includeInIndex = 1; lastKnownFileType = text.xcconfig; name = Pods.xcconfig; path = Pods/Pods.xcconfig; sourceTree = "<group>"; };
		ABD0559C796347E6BF0180AF /* libPods.a */ = {isa = PBXFileReference; explicitFileType = archive.ar; includeInIndex = 0; path = libPods.a; sourceTree = BUILT_PRODUCTS_DIR; };
		B21E208F1841B9F30090AE1C /* LPNavigationController.h */ = {isa = PBXFileReference; fileEncoding = 4; lastKnownFileType = sourcecode.c.h; path = LPNavigationController.h; sourceTree = "<group>"; };
		B21E20901841B9F30090AE1C /* LPNavigationController.m */ = {isa = PBXFileReference; fileEncoding = 4; lastKnownFileType = sourcecode.c.objc; path = LPNavigationController.m; sourceTree = "<group>"; };
		B21E20921841D6750090AE1C /* SettingsViewController.h */ = {isa = PBXFileReference; fileEncoding = 4; lastKnownFileType = sourcecode.c.h; path = SettingsViewController.h; sourceTree = "<group>"; };
		B21E20931841D6750090AE1C /* SettingsViewController.m */ = {isa = PBXFileReference; fileEncoding = 4; lastKnownFileType = sourcecode.c.objc; path = SettingsViewController.m; sourceTree = "<group>"; };
		B21E20951841D79D0090AE1C /* ProfileViewController.h */ = {isa = PBXFileReference; fileEncoding = 4; lastKnownFileType = sourcecode.c.h; path = ProfileViewController.h; sourceTree = "<group>"; };
		B21E20961841D79D0090AE1C /* ProfileViewController.m */ = {isa = PBXFileReference; fileEncoding = 4; lastKnownFileType = sourcecode.c.objc; path = ProfileViewController.m; sourceTree = "<group>"; };
		B21E20981841E6520090AE1C /* AddScriptViewController.h */ = {isa = PBXFileReference; fileEncoding = 4; lastKnownFileType = sourcecode.c.h; path = AddScriptViewController.h; sourceTree = "<group>"; };
		B21E20991841E6520090AE1C /* AddScriptViewController.m */ = {isa = PBXFileReference; fileEncoding = 4; lastKnownFileType = sourcecode.c.objc; path = AddScriptViewController.m; sourceTree = "<group>"; };
		B21E209C184285600090AE1C /* Speaker.h */ = {isa = PBXFileReference; fileEncoding = 4; lastKnownFileType = sourcecode.c.h; path = Speaker.h; sourceTree = "<group>"; };
		B21E209D184285600090AE1C /* Speaker.m */ = {isa = PBXFileReference; fileEncoding = 4; lastKnownFileType = sourcecode.c.objc; path = Speaker.m; sourceTree = "<group>"; };
		B21E209F1842F16D0090AE1C /* EditLineViewController.h */ = {isa = PBXFileReference; fileEncoding = 4; lastKnownFileType = sourcecode.c.h; path = EditLineViewController.h; sourceTree = "<group>"; };
		B21E20A01842F16D0090AE1C /* EditLineViewController.m */ = {isa = PBXFileReference; fileEncoding = 4; lastKnownFileType = sourcecode.c.objc; path = EditLineViewController.m; sourceTree = "<group>"; };
		B24A4CEA17FFCD9100304FD6 /* LineViewController.h */ = {isa = PBXFileReference; fileEncoding = 4; lastKnownFileType = sourcecode.c.h; path = LineViewController.h; sourceTree = "<group>"; };
		B24A4CEB17FFCD9100304FD6 /* LineViewController.m */ = {isa = PBXFileReference; fileEncoding = 4; lastKnownFileType = sourcecode.c.objc; path = LineViewController.m; sourceTree = "<group>"; };
		B24A4CED17FFCDA500304FD6 /* AVFoundation.framework */ = {isa = PBXFileReference; lastKnownFileType = wrapper.framework; name = AVFoundation.framework; path = System/Library/Frameworks/AVFoundation.framework; sourceTree = SDKROOT; };
		B28A7A79183DD33000169BDE /* AudioToolbox.framework */ = {isa = PBXFileReference; lastKnownFileType = wrapper.framework; name = AudioToolbox.framework; path = System/Library/Frameworks/AudioToolbox.framework; sourceTree = SDKROOT; };
		B28A7A81183F1DF700169BDE /* EmailLoginViewController.h */ = {isa = PBXFileReference; fileEncoding = 4; lastKnownFileType = sourcecode.c.h; path = EmailLoginViewController.h; sourceTree = "<group>"; };
		B28A7A82183F1DF700169BDE /* EmailLoginViewController.m */ = {isa = PBXFileReference; fileEncoding = 4; lastKnownFileType = sourcecode.c.objc; path = EmailLoginViewController.m; sourceTree = "<group>"; };
		B28A7A84183F29C900169BDE /* QuartzCore.framework */ = {isa = PBXFileReference; lastKnownFileType = wrapper.framework; name = QuartzCore.framework; path = System/Library/Frameworks/QuartzCore.framework; sourceTree = SDKROOT; };
		B28A7A86183F2A0C00169BDE /* StyleHelper.h */ = {isa = PBXFileReference; fileEncoding = 4; lastKnownFileType = sourcecode.c.h; name = StyleHelper.h; path = Utils/StyleHelper.h; sourceTree = "<group>"; };
		B28A7A87183F2A0C00169BDE /* StyleHelper.m */ = {isa = PBXFileReference; fileEncoding = 4; lastKnownFileType = sourcecode.c.objc; name = StyleHelper.m; path = Utils/StyleHelper.m; sourceTree = "<group>"; };
		B28A7A89183F30A600169BDE /* HTAutocompleteManager.h */ = {isa = PBXFileReference; fileEncoding = 4; lastKnownFileType = sourcecode.c.h; name = HTAutocompleteManager.h; path = Utils/HTAutocompleteManager.h; sourceTree = "<group>"; };
		B28A7A8A183F30A600169BDE /* HTAutocompleteManager.m */ = {isa = PBXFileReference; fileEncoding = 4; lastKnownFileType = sourcecode.c.objc; name = HTAutocompleteManager.m; path = Utils/HTAutocompleteManager.m; sourceTree = "<group>"; };
		B28A7A8C183F31B800169BDE /* SignupViewController.h */ = {isa = PBXFileReference; fileEncoding = 4; lastKnownFileType = sourcecode.c.h; path = SignupViewController.h; sourceTree = "<group>"; };
		B28A7A8D183F31B800169BDE /* SignupViewController.m */ = {isa = PBXFileReference; fileEncoding = 4; lastKnownFileType = sourcecode.c.objc; path = SignupViewController.m; sourceTree = "<group>"; };
		B28C00B817FE6043004A31D9 /* LinePlease.app */ = {isa = PBXFileReference; explicitFileType = wrapper.application; includeInIndex = 0; path = LinePlease.app; sourceTree = BUILT_PRODUCTS_DIR; };
		B28C00BB17FE6043004A31D9 /* Foundation.framework */ = {isa = PBXFileReference; lastKnownFileType = wrapper.framework; name = Foundation.framework; path = System/Library/Frameworks/Foundation.framework; sourceTree = SDKROOT; };
		B28C00BD17FE6043004A31D9 /* CoreGraphics.framework */ = {isa = PBXFileReference; lastKnownFileType = wrapper.framework; name = CoreGraphics.framework; path = System/Library/Frameworks/CoreGraphics.framework; sourceTree = SDKROOT; };
		B28C00BF17FE6043004A31D9 /* UIKit.framework */ = {isa = PBXFileReference; lastKnownFileType = wrapper.framework; name = UIKit.framework; path = System/Library/Frameworks/UIKit.framework; sourceTree = SDKROOT; };
		B28C00C317FE6043004A31D9 /* LinePlease-Info.plist */ = {isa = PBXFileReference; lastKnownFileType = text.plist.xml; path = "LinePlease-Info.plist"; sourceTree = "<group>"; };
		B28C00C517FE6043004A31D9 /* en */ = {isa = PBXFileReference; lastKnownFileType = text.plist.strings; name = en; path = en.lproj/InfoPlist.strings; sourceTree = "<group>"; };
		B28C00C717FE6043004A31D9 /* main.m */ = {isa = PBXFileReference; lastKnownFileType = sourcecode.c.objc; path = main.m; sourceTree = "<group>"; };
		B28C00C917FE6043004A31D9 /* LinePlease-Prefix.pch */ = {isa = PBXFileReference; lastKnownFileType = sourcecode.c.h; path = "LinePlease-Prefix.pch"; sourceTree = "<group>"; };
		B28C00CA17FE6043004A31D9 /* AppDelegate.h */ = {isa = PBXFileReference; lastKnownFileType = sourcecode.c.h; path = AppDelegate.h; sourceTree = "<group>"; };
		B28C00CB17FE6043004A31D9 /* AppDelegate.m */ = {isa = PBXFileReference; lastKnownFileType = sourcecode.c.objc; path = AppDelegate.m; sourceTree = "<group>"; };
		B28C00CE17FE6043004A31D9 /* Base */ = {isa = PBXFileReference; lastKnownFileType = file.storyboard; name = Base; path = Base.lproj/Main_iPhone.storyboard; sourceTree = "<group>"; };
		B28C00D117FE6043004A31D9 /* Base */ = {isa = PBXFileReference; lastKnownFileType = file.storyboard; name = Base; path = Base.lproj/Main_iPad.storyboard; sourceTree = "<group>"; };
		B28C00D317FE6043004A31D9 /* LoginViewController.h */ = {isa = PBXFileReference; lastKnownFileType = sourcecode.c.h; path = LoginViewController.h; sourceTree = "<group>"; };
		B28C00D417FE6043004A31D9 /* LoginViewController.m */ = {isa = PBXFileReference; lastKnownFileType = sourcecode.c.objc; path = LoginViewController.m; sourceTree = "<group>"; };
		B28C00D617FE6043004A31D9 /* Images.xcassets */ = {isa = PBXFileReference; lastKnownFileType = folder.assetcatalog; path = Images.xcassets; sourceTree = "<group>"; };
		B28C00DC17FE6043004A31D9 /* LinePleaseTests.xctest */ = {isa = PBXFileReference; explicitFileType = wrapper.cfbundle; includeInIndex = 0; path = LinePleaseTests.xctest; sourceTree = BUILT_PRODUCTS_DIR; };
		B28C00DD17FE6043004A31D9 /* XCTest.framework */ = {isa = PBXFileReference; lastKnownFileType = wrapper.framework; name = XCTest.framework; path = Library/Frameworks/XCTest.framework; sourceTree = DEVELOPER_DIR; };
		B28C00E517FE6043004A31D9 /* LinePleaseTests-Info.plist */ = {isa = PBXFileReference; lastKnownFileType = text.plist.xml; path = "LinePleaseTests-Info.plist"; sourceTree = "<group>"; };
		B28C00E717FE6043004A31D9 /* en */ = {isa = PBXFileReference; lastKnownFileType = text.plist.strings; name = en; path = en.lproj/InfoPlist.strings; sourceTree = "<group>"; };
		B28C00E917FE6043004A31D9 /* LinePleaseTests.m */ = {isa = PBXFileReference; lastKnownFileType = sourcecode.c.objc; path = LinePleaseTests.m; sourceTree = "<group>"; };
		B28C00F417FE62DE004A31D9 /* Line.h */ = {isa = PBXFileReference; fileEncoding = 4; lastKnownFileType = sourcecode.c.h; name = Line.h; path = Models/Line.h; sourceTree = "<group>"; };
		B28C00F517FE62DE004A31D9 /* Line.m */ = {isa = PBXFileReference; fileEncoding = 4; lastKnownFileType = sourcecode.c.objc; name = Line.m; path = Models/Line.m; sourceTree = "<group>"; };
		B28C00FC17FE66F5004A31D9 /* Script.h */ = {isa = PBXFileReference; fileEncoding = 4; lastKnownFileType = sourcecode.c.h; name = Script.h; path = Models/Script.h; sourceTree = "<group>"; };
		B28C00FD17FE66F5004A31D9 /* Script.m */ = {isa = PBXFileReference; fileEncoding = 4; lastKnownFileType = sourcecode.c.objc; name = Script.m; path = Models/Script.m; sourceTree = "<group>"; };
		B28C010017FE670B004A31D9 /* User.h */ = {isa = PBXFileReference; fileEncoding = 4; lastKnownFileType = sourcecode.c.h; name = User.h; path = Models/User.h; sourceTree = "<group>"; };
		B28C010117FE670B004A31D9 /* User.m */ = {isa = PBXFileReference; fileEncoding = 4; lastKnownFileType = sourcecode.c.objc; name = User.m; path = Models/User.m; sourceTree = "<group>"; };
		B2C8896A17FE727800C66707 /* LoginViewControllerSpec.m */ = {isa = PBXFileReference; fileEncoding = 4; lastKnownFileType = sourcecode.c.objc; path = LoginViewControllerSpec.m; sourceTree = "<group>"; };
		B2C8896D17FE7FEB00C66707 /* AlertViewProvider.h */ = {isa = PBXFileReference; fileEncoding = 4; lastKnownFileType = sourcecode.c.h; name = AlertViewProvider.h; path = Utils/AlertViewProvider.h; sourceTree = "<group>"; };
		B2C8896E17FE7FEB00C66707 /* AlertViewProvider.m */ = {isa = PBXFileReference; fileEncoding = 4; lastKnownFileType = sourcecode.c.objc; name = AlertViewProvider.m; path = Utils/AlertViewProvider.m; sourceTree = "<group>"; };
		B2C8897117FE9B1600C66707 /* ScriptViewController.h */ = {isa = PBXFileReference; fileEncoding = 4; lastKnownFileType = sourcecode.c.h; path = ScriptViewController.h; sourceTree = "<group>"; };
		B2C8897217FE9B1600C66707 /* ScriptViewController.m */ = {isa = PBXFileReference; fileEncoding = 4; lastKnownFileType = sourcecode.c.objc; path = ScriptViewController.m; sourceTree = "<group>"; };
		C3C7E93680124757A63536EB /* libPods-LinePleaseTests.a */ = {isa = PBXFileReference; explicitFileType = archive.ar; includeInIndex = 0; path = "libPods-LinePleaseTests.a"; sourceTree = BUILT_PRODUCTS_DIR; };
		C5260917E6EE42A898ED01EF /* Pods-LinePleaseTests.xcconfig */ = {isa = PBXFileReference; includeInIndex = 1; lastKnownFileType = text.xcconfig; name = "Pods-LinePleaseTests.xcconfig"; path = "Pods/Pods-LinePleaseTests.xcconfig"; sourceTree = "<group>"; };
/* End PBXFileReference section */

/* Begin PBXFrameworksBuildPhase section */
		B28C00B517FE6043004A31D9 /* Frameworks */ = {
			isa = PBXFrameworksBuildPhase;
			buildActionMask = 2147483647;
			files = (
				B28A7A85183F29C900169BDE /* QuartzCore.framework in Frameworks */,
				B28A7A7B183DD33500169BDE /* AVFoundation.framework in Frameworks */,
				B28A7A7A183DD33000169BDE /* AudioToolbox.framework in Frameworks */,
				B28C00BE17FE6043004A31D9 /* CoreGraphics.framework in Frameworks */,
				B28C00C017FE6043004A31D9 /* UIKit.framework in Frameworks */,
				B28C00BC17FE6043004A31D9 /* Foundation.framework in Frameworks */,
				85F3A0C4BC0B4C4E8956A46C /* libPods.a in Frameworks */,
			);
			runOnlyForDeploymentPostprocessing = 0;
		};
		B28C00D917FE6043004A31D9 /* Frameworks */ = {
			isa = PBXFrameworksBuildPhase;
			buildActionMask = 2147483647;
			files = (
				B24A4CEE17FFCDA500304FD6 /* AVFoundation.framework in Frameworks */,
				B28C00DE17FE6043004A31D9 /* XCTest.framework in Frameworks */,
				B28C00E017FE6043004A31D9 /* UIKit.framework in Frameworks */,
				B28C00DF17FE6043004A31D9 /* Foundation.framework in Frameworks */,
				0E0E7AA2B4884B2C8C4B79EA /* libPods-LinePleaseTests.a in Frameworks */,
			);
			runOnlyForDeploymentPostprocessing = 0;
		};
/* End PBXFrameworksBuildPhase section */

/* Begin PBXGroup section */
		B21E20851841A1650090AE1C /* Menu */ = {
			isa = PBXGroup;
			children = (
				B21E208F1841B9F30090AE1C /* LPNavigationController.h */,
				B21E20901841B9F30090AE1C /* LPNavigationController.m */,
			);
			name = Menu;
			sourceTree = "<group>";
		};
		B21E209B184285500090AE1C /* Speaker */ = {
			isa = PBXGroup;
			children = (
				B21E209C184285600090AE1C /* Speaker.h */,
				B21E209D184285600090AE1C /* Speaker.m */,
			);
			name = Speaker;
			sourceTree = "<group>";
		};
		B28A7A80183F1DD500169BDE /* Outside */ = {
			isa = PBXGroup;
			children = (
				B28C00D317FE6043004A31D9 /* LoginViewController.h */,
				B28C00D417FE6043004A31D9 /* LoginViewController.m */,
				B28A7A81183F1DF700169BDE /* EmailLoginViewController.h */,
				B28A7A82183F1DF700169BDE /* EmailLoginViewController.m */,
				B28A7A8C183F31B800169BDE /* SignupViewController.h */,
				B28A7A8D183F31B800169BDE /* SignupViewController.m */,
			);
			name = Outside;
			sourceTree = "<group>";
		};
		B28C00AF17FE6043004A31D9 = {
			isa = PBXGroup;
			children = (
				B28C00C117FE6043004A31D9 /* LinePlease */,
				B28C00E317FE6043004A31D9 /* LinePleaseTests */,
				B28C00BA17FE6043004A31D9 /* Frameworks */,
				B28C00B917FE6043004A31D9 /* Products */,
				1AE31AC999B34434A27DF5A2 /* Pods.xcconfig */,
				C5260917E6EE42A898ED01EF /* Pods-LinePleaseTests.xcconfig */,
			);
			sourceTree = "<group>";
		};
		B28C00B917FE6043004A31D9 /* Products */ = {
			isa = PBXGroup;
			children = (
				B28C00B817FE6043004A31D9 /* LinePlease.app */,
				B28C00DC17FE6043004A31D9 /* LinePleaseTests.xctest */,
			);
			name = Products;
			sourceTree = "<group>";
		};
		B28C00BA17FE6043004A31D9 /* Frameworks */ = {
			isa = PBXGroup;
			children = (
				B28A7A84183F29C900169BDE /* QuartzCore.framework */,
				B28A7A79183DD33000169BDE /* AudioToolbox.framework */,
				B24A4CED17FFCDA500304FD6 /* AVFoundation.framework */,
				B28C00BB17FE6043004A31D9 /* Foundation.framework */,
				B28C00BD17FE6043004A31D9 /* CoreGraphics.framework */,
				B28C00BF17FE6043004A31D9 /* UIKit.framework */,
				B28C00DD17FE6043004A31D9 /* XCTest.framework */,
				ABD0559C796347E6BF0180AF /* libPods.a */,
				C3C7E93680124757A63536EB /* libPods-LinePleaseTests.a */,
			);
			name = Frameworks;
			sourceTree = "<group>";
		};
		B28C00C117FE6043004A31D9 /* LinePlease */ = {
			isa = PBXGroup;
			children = (
				B21E209B184285500090AE1C /* Speaker */,
				B21E20851841A1650090AE1C /* Menu */,
				B28A7A80183F1DD500169BDE /* Outside */,
				B2C8896C17FE7FC900C66707 /* Utils */,
				B28C00F317FE6295004A31D9 /* Models */,
				B28C00CA17FE6043004A31D9 /* AppDelegate.h */,
				B28C00CB17FE6043004A31D9 /* AppDelegate.m */,
				B28C00CD17FE6043004A31D9 /* Main_iPhone.storyboard */,
				B28C00D017FE6043004A31D9 /* Main_iPad.storyboard */,
				B28C00D617FE6043004A31D9 /* Images.xcassets */,
				B28C00C217FE6043004A31D9 /* Supporting Files */,
				B2C8897117FE9B1600C66707 /* ScriptViewController.h */,
				B2C8897217FE9B1600C66707 /* ScriptViewController.m */,
				B24A4CEA17FFCD9100304FD6 /* LineViewController.h */,
				B24A4CEB17FFCD9100304FD6 /* LineViewController.m */,
				B21E20921841D6750090AE1C /* SettingsViewController.h */,
				B21E20931841D6750090AE1C /* SettingsViewController.m */,
				B21E20951841D79D0090AE1C /* ProfileViewController.h */,
				B21E20961841D79D0090AE1C /* ProfileViewController.m */,
				B21E20981841E6520090AE1C /* AddScriptViewController.h */,
				B21E20991841E6520090AE1C /* AddScriptViewController.m */,
				B21E209F1842F16D0090AE1C /* EditLineViewController.h */,
				B21E20A01842F16D0090AE1C /* EditLineViewController.m */,
			);
			path = LinePlease;
			sourceTree = "<group>";
		};
		B28C00C217FE6043004A31D9 /* Supporting Files */ = {
			isa = PBXGroup;
			children = (
				B28C00C317FE6043004A31D9 /* LinePlease-Info.plist */,
				B28C00C417FE6043004A31D9 /* InfoPlist.strings */,
				B28C00C717FE6043004A31D9 /* main.m */,
				B28C00C917FE6043004A31D9 /* LinePlease-Prefix.pch */,
			);
			name = "Supporting Files";
			sourceTree = "<group>";
		};
		B28C00E317FE6043004A31D9 /* LinePleaseTests */ = {
			isa = PBXGroup;
			children = (
				B28C00E917FE6043004A31D9 /* LinePleaseTests.m */,
				B28C00E417FE6043004A31D9 /* Supporting Files */,
				B2C8896A17FE727800C66707 /* LoginViewControllerSpec.m */,
			);
			path = LinePleaseTests;
			sourceTree = "<group>";
		};
		B28C00E417FE6043004A31D9 /* Supporting Files */ = {
			isa = PBXGroup;
			children = (
				B28C00E517FE6043004A31D9 /* LinePleaseTests-Info.plist */,
				B28C00E617FE6043004A31D9 /* InfoPlist.strings */,
			);
			name = "Supporting Files";
			sourceTree = "<group>";
		};
		B28C00F317FE6295004A31D9 /* Models */ = {
			isa = PBXGroup;
			children = (
				B28C00F417FE62DE004A31D9 /* Line.h */,
				B28C00F517FE62DE004A31D9 /* Line.m */,
				B28C00FC17FE66F5004A31D9 /* Script.h */,
				B28C00FD17FE66F5004A31D9 /* Script.m */,
				B28C010017FE670B004A31D9 /* User.h */,
				B28C010117FE670B004A31D9 /* User.m */,
			);
			name = Models;
			sourceTree = "<group>";
		};
		B2C8896C17FE7FC900C66707 /* Utils */ = {
			isa = PBXGroup;
			children = (
				B2C8896D17FE7FEB00C66707 /* AlertViewProvider.h */,
				B2C8896E17FE7FEB00C66707 /* AlertViewProvider.m */,
				B28A7A86183F2A0C00169BDE /* StyleHelper.h */,
				B28A7A87183F2A0C00169BDE /* StyleHelper.m */,
				B28A7A89183F30A600169BDE /* HTAutocompleteManager.h */,
				B28A7A8A183F30A600169BDE /* HTAutocompleteManager.m */,
			);
			name = Utils;
			sourceTree = "<group>";
		};
/* End PBXGroup section */

/* Begin PBXNativeTarget section */
		B28C00B717FE6043004A31D9 /* LinePlease */ = {
			isa = PBXNativeTarget;
			buildConfigurationList = B28C00ED17FE6043004A31D9 /* Build configuration list for PBXNativeTarget "LinePlease" */;
			buildPhases = (
				8F09B8963F614221B74DFA26 /* Check Pods Manifest.lock */,
				B28C00B417FE6043004A31D9 /* Sources */,
				B28C00B517FE6043004A31D9 /* Frameworks */,
				B28C00B617FE6043004A31D9 /* Resources */,
				B6589377E88543F0A885F7E6 /* Copy Pods Resources */,
			);
			buildRules = (
			);
			dependencies = (
			);
			name = LinePlease;
			productName = LinePlease;
			productReference = B28C00B817FE6043004A31D9 /* LinePlease.app */;
			productType = "com.apple.product-type.application";
		};
		B28C00DB17FE6043004A31D9 /* LinePleaseTests */ = {
			isa = PBXNativeTarget;
			buildConfigurationList = B28C00F017FE6043004A31D9 /* Build configuration list for PBXNativeTarget "LinePleaseTests" */;
			buildPhases = (
				6F2EDE4181694E96A5110D8E /* Check Pods Manifest.lock */,
				B28C00D817FE6043004A31D9 /* Sources */,
				B28C00D917FE6043004A31D9 /* Frameworks */,
				B28C00DA17FE6043004A31D9 /* Resources */,
				58849FC0BA78419698968FE3 /* Copy Pods Resources */,
			);
			buildRules = (
			);
			dependencies = (
				B28C00E217FE6043004A31D9 /* PBXTargetDependency */,
			);
			name = LinePleaseTests;
			productName = LinePleaseTests;
			productReference = B28C00DC17FE6043004A31D9 /* LinePleaseTests.xctest */;
			productType = "com.apple.product-type.bundle.unit-test";
		};
/* End PBXNativeTarget section */

/* Begin PBXProject section */
		B28C00B017FE6043004A31D9 /* Project object */ = {
			isa = PBXProject;
			attributes = {
				LastUpgradeCheck = 0500;
				ORGANIZATIONNAME = lineplease;
				TargetAttributes = {
					B28C00B717FE6043004A31D9 = {
						DevelopmentTeam = CCEY4XNAFJ;
					};
					B28C00DB17FE6043004A31D9 = {
						TestTargetID = B28C00B717FE6043004A31D9;
					};
				};
			};
			buildConfigurationList = B28C00B317FE6043004A31D9 /* Build configuration list for PBXProject "LinePlease" */;
			compatibilityVersion = "Xcode 3.2";
			developmentRegion = English;
			hasScannedForEncodings = 0;
			knownRegions = (
				en,
				Base,
			);
			mainGroup = B28C00AF17FE6043004A31D9;
			productRefGroup = B28C00B917FE6043004A31D9 /* Products */;
			projectDirPath = "";
			projectRoot = "";
			targets = (
				B28C00B717FE6043004A31D9 /* LinePlease */,
				B28C00DB17FE6043004A31D9 /* LinePleaseTests */,
			);
		};
/* End PBXProject section */

/* Begin PBXResourcesBuildPhase section */
		B28C00B617FE6043004A31D9 /* Resources */ = {
			isa = PBXResourcesBuildPhase;
			buildActionMask = 2147483647;
			files = (
				B28C00D217FE6043004A31D9 /* Main_iPad.storyboard in Resources */,
				B28C00D717FE6043004A31D9 /* Images.xcassets in Resources */,
				B28C00CF17FE6043004A31D9 /* Main_iPhone.storyboard in Resources */,
				B28C00C617FE6043004A31D9 /* InfoPlist.strings in Resources */,
			);
			runOnlyForDeploymentPostprocessing = 0;
		};
		B28C00DA17FE6043004A31D9 /* Resources */ = {
			isa = PBXResourcesBuildPhase;
			buildActionMask = 2147483647;
			files = (
				B28C00E817FE6043004A31D9 /* InfoPlist.strings in Resources */,
			);
			runOnlyForDeploymentPostprocessing = 0;
		};
/* End PBXResourcesBuildPhase section */

/* Begin PBXShellScriptBuildPhase section */
		58849FC0BA78419698968FE3 /* Copy Pods Resources */ = {
			isa = PBXShellScriptBuildPhase;
			buildActionMask = 2147483647;
			files = (
			);
			inputPaths = (
			);
			name = "Copy Pods Resources";
			outputPaths = (
			);
			runOnlyForDeploymentPostprocessing = 0;
			shellPath = /bin/sh;
			shellScript = "\"${SRCROOT}/Pods/Pods-LinePleaseTests-resources.sh\"\n";
			showEnvVarsInLog = 0;
		};
		6F2EDE4181694E96A5110D8E /* Check Pods Manifest.lock */ = {
			isa = PBXShellScriptBuildPhase;
			buildActionMask = 2147483647;
			files = (
			);
			inputPaths = (
			);
			name = "Check Pods Manifest.lock";
			outputPaths = (
			);
			runOnlyForDeploymentPostprocessing = 0;
			shellPath = /bin/sh;
			shellScript = "diff \"${PODS_ROOT}/../Podfile.lock\" \"${PODS_ROOT}/Manifest.lock\" > /dev/null\nif [[ $? != 0 ]] ; then\n    cat << EOM\nerror: The sandbox is not in sync with the Podfile.lock. Run 'pod install' or update your CocoaPods installation.\nEOM\n    exit 1\nfi\n";
			showEnvVarsInLog = 0;
		};
		8F09B8963F614221B74DFA26 /* Check Pods Manifest.lock */ = {
			isa = PBXShellScriptBuildPhase;
			buildActionMask = 2147483647;
			files = (
			);
			inputPaths = (
			);
			name = "Check Pods Manifest.lock";
			outputPaths = (
			);
			runOnlyForDeploymentPostprocessing = 0;
			shellPath = /bin/sh;
			shellScript = "diff \"${PODS_ROOT}/../Podfile.lock\" \"${PODS_ROOT}/Manifest.lock\" > /dev/null\nif [[ $? != 0 ]] ; then\n    cat << EOM\nerror: The sandbox is not in sync with the Podfile.lock. Run 'pod install' or update your CocoaPods installation.\nEOM\n    exit 1\nfi\n";
			showEnvVarsInLog = 0;
		};
		B6589377E88543F0A885F7E6 /* Copy Pods Resources */ = {
			isa = PBXShellScriptBuildPhase;
			buildActionMask = 2147483647;
			files = (
			);
			inputPaths = (
			);
			name = "Copy Pods Resources";
			outputPaths = (
			);
			runOnlyForDeploymentPostprocessing = 0;
			shellPath = /bin/sh;
			shellScript = "\"${SRCROOT}/Pods/Pods-resources.sh\"\n";
			showEnvVarsInLog = 0;
		};
/* End PBXShellScriptBuildPhase section */

/* Begin PBXSourcesBuildPhase section */
		B28C00B417FE6043004A31D9 /* Sources */ = {
			isa = PBXSourcesBuildPhase;
			buildActionMask = 2147483647;
			files = (
				B28C00D517FE6043004A31D9 /* LoginViewController.m in Sources */,
				B21E20A11842F16D0090AE1C /* EditLineViewController.m in Sources */,
				B28C00F617FE62DE004A31D9 /* Line.m in Sources */,
				B21E20971841D79D0090AE1C /* ProfileViewController.m in Sources */,
				B24A4CEC17FFCD9100304FD6 /* LineViewController.m in Sources */,
				B28A7A8E183F31B800169BDE /* SignupViewController.m in Sources */,
				B28A7A88183F2A0C00169BDE /* StyleHelper.m in Sources */,
				B21E209A1841E6520090AE1C /* AddScriptViewController.m in Sources */,
				B28A7A83183F1DF700169BDE /* EmailLoginViewController.m in Sources */,
				B28C010217FE670B004A31D9 /* User.m in Sources */,
				B21E20911841B9F30090AE1C /* LPNavigationController.m in Sources */,
				B28C00CC17FE6043004A31D9 /* AppDelegate.m in Sources */,
				B28A7A8B183F30A600169BDE /* HTAutocompleteManager.m in Sources */,
				B28C00FE17FE66F5004A31D9 /* Script.m in Sources */,
				B2C8897317FE9B1600C66707 /* ScriptViewController.m in Sources */,
				B21E20941841D6750090AE1C /* SettingsViewController.m in Sources */,
				B2C8896F17FE7FEB00C66707 /* AlertViewProvider.m in Sources */,
				B28C00C817FE6043004A31D9 /* main.m in Sources */,
				B21E209E184285600090AE1C /* Speaker.m in Sources */,
			);
			runOnlyForDeploymentPostprocessing = 0;
		};
		B28C00D817FE6043004A31D9 /* Sources */ = {
			isa = PBXSourcesBuildPhase;
			buildActionMask = 2147483647;
			files = (
				B28C010317FE670B004A31D9 /* User.m in Sources */,
				B28C00FF17FE66F5004A31D9 /* Script.m in Sources */,
				B2C8897017FE7FEB00C66707 /* AlertViewProvider.m in Sources */,
				B2C8896B17FE727800C66707 /* LoginViewControllerSpec.m in Sources */,
				B28C00EA17FE6043004A31D9 /* LinePleaseTests.m in Sources */,
				B28C00F717FE62DE004A31D9 /* Line.m in Sources */,
			);
			runOnlyForDeploymentPostprocessing = 0;
		};
/* End PBXSourcesBuildPhase section */

/* Begin PBXTargetDependency section */
		B28C00E217FE6043004A31D9 /* PBXTargetDependency */ = {
			isa = PBXTargetDependency;
			target = B28C00B717FE6043004A31D9 /* LinePlease */;
			targetProxy = B28C00E117FE6043004A31D9 /* PBXContainerItemProxy */;
		};
/* End PBXTargetDependency section */

/* Begin PBXVariantGroup section */
		B28C00C417FE6043004A31D9 /* InfoPlist.strings */ = {
			isa = PBXVariantGroup;
			children = (
				B28C00C517FE6043004A31D9 /* en */,
			);
			name = InfoPlist.strings;
			sourceTree = "<group>";
		};
		B28C00CD17FE6043004A31D9 /* Main_iPhone.storyboard */ = {
			isa = PBXVariantGroup;
			children = (
				B28C00CE17FE6043004A31D9 /* Base */,
			);
			name = Main_iPhone.storyboard;
			sourceTree = "<group>";
		};
		B28C00D017FE6043004A31D9 /* Main_iPad.storyboard */ = {
			isa = PBXVariantGroup;
			children = (
				B28C00D117FE6043004A31D9 /* Base */,
			);
			name = Main_iPad.storyboard;
			sourceTree = "<group>";
		};
		B28C00E617FE6043004A31D9 /* InfoPlist.strings */ = {
			isa = PBXVariantGroup;
			children = (
				B28C00E717FE6043004A31D9 /* en */,
			);
			name = InfoPlist.strings;
			sourceTree = "<group>";
		};
/* End PBXVariantGroup section */

/* Begin XCBuildConfiguration section */
		B28C00EB17FE6043004A31D9 /* Debug */ = {
			isa = XCBuildConfiguration;
			buildSettings = {
				ALWAYS_SEARCH_USER_PATHS = NO;
				ARCHS = "$(ARCHS_STANDARD)";
				CLANG_CXX_LANGUAGE_STANDARD = "gnu++0x";
				CLANG_CXX_LIBRARY = "libc++";
				CLANG_ENABLE_MODULES = YES;
				CLANG_ENABLE_OBJC_ARC = YES;
				CLANG_WARN_BOOL_CONVERSION = YES;
				CLANG_WARN_CONSTANT_CONVERSION = YES;
				CLANG_WARN_DIRECT_OBJC_ISA_USAGE = YES_ERROR;
				CLANG_WARN_EMPTY_BODY = YES;
				CLANG_WARN_ENUM_CONVERSION = YES;
				CLANG_WARN_INT_CONVERSION = YES;
				CLANG_WARN_OBJC_ROOT_CLASS = YES_ERROR;
				CLANG_WARN__DUPLICATE_METHOD_MATCH = YES;
				"CODE_SIGN_IDENTITY[sdk=iphoneos*]" = "iPhone Developer";
				COPY_PHASE_STRIP = NO;
				GCC_C_LANGUAGE_STANDARD = gnu99;
				GCC_DYNAMIC_NO_PIC = NO;
				GCC_OPTIMIZATION_LEVEL = 0;
				GCC_PREPROCESSOR_DEFINITIONS = (
					"DEBUG=1",
					"$(inherited)",
				);
				GCC_SYMBOLS_PRIVATE_EXTERN = NO;
				GCC_WARN_64_TO_32_BIT_CONVERSION = YES;
				GCC_WARN_ABOUT_RETURN_TYPE = YES_ERROR;
				GCC_WARN_UNDECLARED_SELECTOR = YES;
				GCC_WARN_UNINITIALIZED_AUTOS = YES;
				GCC_WARN_UNUSED_FUNCTION = YES;
				GCC_WARN_UNUSED_VARIABLE = YES;
				IPHONEOS_DEPLOYMENT_TARGET = 7.0;
				ONLY_ACTIVE_ARCH = YES;
				SDKROOT = iphoneos;
				TARGETED_DEVICE_FAMILY = "1,2";
			};
			name = Debug;
		};
		B28C00EC17FE6043004A31D9 /* Release */ = {
			isa = XCBuildConfiguration;
			buildSettings = {
				ALWAYS_SEARCH_USER_PATHS = NO;
				ARCHS = "$(ARCHS_STANDARD)";
				CLANG_CXX_LANGUAGE_STANDARD = "gnu++0x";
				CLANG_CXX_LIBRARY = "libc++";
				CLANG_ENABLE_MODULES = YES;
				CLANG_ENABLE_OBJC_ARC = YES;
				CLANG_WARN_BOOL_CONVERSION = YES;
				CLANG_WARN_CONSTANT_CONVERSION = YES;
				CLANG_WARN_DIRECT_OBJC_ISA_USAGE = YES_ERROR;
				CLANG_WARN_EMPTY_BODY = YES;
				CLANG_WARN_ENUM_CONVERSION = YES;
				CLANG_WARN_INT_CONVERSION = YES;
				CLANG_WARN_OBJC_ROOT_CLASS = YES_ERROR;
				CLANG_WARN__DUPLICATE_METHOD_MATCH = YES;
				"CODE_SIGN_IDENTITY[sdk=iphoneos*]" = "iPhone Developer";
				COPY_PHASE_STRIP = YES;
				ENABLE_NS_ASSERTIONS = NO;
				GCC_C_LANGUAGE_STANDARD = gnu99;
				GCC_WARN_64_TO_32_BIT_CONVERSION = YES;
				GCC_WARN_ABOUT_RETURN_TYPE = YES_ERROR;
				GCC_WARN_UNDECLARED_SELECTOR = YES;
				GCC_WARN_UNINITIALIZED_AUTOS = YES;
				GCC_WARN_UNUSED_FUNCTION = YES;
				GCC_WARN_UNUSED_VARIABLE = YES;
				IPHONEOS_DEPLOYMENT_TARGET = 7.0;
				SDKROOT = iphoneos;
				TARGETED_DEVICE_FAMILY = "1,2";
				VALIDATE_PRODUCT = YES;
			};
			name = Release;
		};
		B28C00EE17FE6043004A31D9 /* Debug */ = {
			isa = XCBuildConfiguration;
			baseConfigurationReference = 1AE31AC999B34434A27DF5A2 /* Pods.xcconfig */;
			buildSettings = {
				ARCHS = "$(ARCHS_STANDARD)";
				ASSETCATALOG_COMPILER_APPICON_NAME = AppIcon;
				ASSETCATALOG_COMPILER_LAUNCHIMAGE_NAME = LaunchImage;
				CODE_SIGN_IDENTITY = "iPhone Developer";
				"CODE_SIGN_IDENTITY[sdk=iphoneos*]" = "iPhone Developer";
				GCC_PRECOMPILE_PREFIX_HEADER = YES;
				GCC_PREFIX_HEADER = "LinePlease/LinePlease-Prefix.pch";
				INFOPLIST_FILE = "LinePlease/LinePlease-Info.plist";
				PRODUCT_NAME = "$(TARGET_NAME)";
				PROVISIONING_PROFILE = "47506EC3-58D0-45FD-B2A7-5564BA9A1D3F";
				TARGETED_DEVICE_FAMILY = 1;
				WRAPPER_EXTENSION = app;
			};
			name = Debug;
		};
		B28C00EF17FE6043004A31D9 /* Release */ = {
			isa = XCBuildConfiguration;
			baseConfigurationReference = 1AE31AC999B34434A27DF5A2 /* Pods.xcconfig */;
			buildSettings = {
				ARCHS = "$(ARCHS_STANDARD)";
				ASSETCATALOG_COMPILER_APPICON_NAME = AppIcon;
				ASSETCATALOG_COMPILER_LAUNCHIMAGE_NAME = LaunchImage;
				CODE_SIGN_IDENTITY = "iPhone Distribution: Matt Van Veenendaal (CCEY4XNAFJ)";
				"CODE_SIGN_IDENTITY[sdk=iphoneos*]" = "iPhone Distribution: Matt Van Veenendaal (CCEY4XNAFJ)";
				GCC_PRECOMPILE_PREFIX_HEADER = YES;
				GCC_PREFIX_HEADER = "LinePlease/LinePlease-Prefix.pch";
				INFOPLIST_FILE = "LinePlease/LinePlease-Info.plist";
				PRODUCT_NAME = "$(TARGET_NAME)";
				PROVISIONING_PROFILE = "47506EC3-58D0-45FD-B2A7-5564BA9A1D3F";
				TARGETED_DEVICE_FAMILY = 1;
				WRAPPER_EXTENSION = app;
			};
			name = Release;
		};
		B28C00F117FE6043004A31D9 /* Debug */ = {
			isa = XCBuildConfiguration;
			baseConfigurationReference = C5260917E6EE42A898ED01EF /* Pods-LinePleaseTests.xcconfig */;
			buildSettings = {
				ARCHS = "$(ARCHS_STANDARD_INCLUDING_64_BIT)";
				BUNDLE_LOADER = "$(BUILT_PRODUCTS_DIR)/LinePlease.app/LinePlease";
				FRAMEWORK_SEARCH_PATHS = (
					"$(SDKROOT)/Developer/Library/Frameworks",
					"$(inherited)",
					"$(DEVELOPER_FRAMEWORKS_DIR)",
				);
				GCC_PRECOMPILE_PREFIX_HEADER = YES;
				GCC_PREFIX_HEADER = "LinePlease/LinePlease-Prefix.pch";
				GCC_PREPROCESSOR_DEFINITIONS = (
					"DEBUG=1",
					"$(inherited)",
				);
				INFOPLIST_FILE = "LinePleaseTests/LinePleaseTests-Info.plist";
				PRODUCT_NAME = "$(TARGET_NAME)";
				TEST_HOST = "$(BUNDLE_LOADER)";
				WRAPPER_EXTENSION = xctest;
			};
			name = Debug;
		};
		B28C00F217FE6043004A31D9 /* Release */ = {
			isa = XCBuildConfiguration;
			baseConfigurationReference = C5260917E6EE42A898ED01EF /* Pods-LinePleaseTests.xcconfig */;
			buildSettings = {
				ARCHS = "$(ARCHS_STANDARD_INCLUDING_64_BIT)";
				BUNDLE_LOADER = "$(BUILT_PRODUCTS_DIR)/LinePlease.app/LinePlease";
				FRAMEWORK_SEARCH_PATHS = (
					"$(SDKROOT)/Developer/Library/Frameworks",
					"$(inherited)",
					"$(DEVELOPER_FRAMEWORKS_DIR)",
				);
				GCC_PRECOMPILE_PREFIX_HEADER = YES;
				GCC_PREFIX_HEADER = "LinePlease/LinePlease-Prefix.pch";
				INFOPLIST_FILE = "LinePleaseTests/LinePleaseTests-Info.plist";
				PRODUCT_NAME = "$(TARGET_NAME)";
				TEST_HOST = "$(BUNDLE_LOADER)";
				WRAPPER_EXTENSION = xctest;
			};
			name = Release;
		};
/* End XCBuildConfiguration section */

/* Begin XCConfigurationList section */
		B28C00B317FE6043004A31D9 /* Build configuration list for PBXProject "LinePlease" */ = {
			isa = XCConfigurationList;
			buildConfigurations = (
				B28C00EB17FE6043004A31D9 /* Debug */,
				B28C00EC17FE6043004A31D9 /* Release */,
			);
			defaultConfigurationIsVisible = 0;
			defaultConfigurationName = Release;
		};
		B28C00ED17FE6043004A31D9 /* Build configuration list for PBXNativeTarget "LinePlease" */ = {
			isa = XCConfigurationList;
			buildConfigurations = (
				B28C00EE17FE6043004A31D9 /* Debug */,
				B28C00EF17FE6043004A31D9 /* Release */,
			);
			defaultConfigurationIsVisible = 0;
			defaultConfigurationName = Release;
		};
		B28C00F017FE6043004A31D9 /* Build configuration list for PBXNativeTarget "LinePleaseTests" */ = {
			isa = XCConfigurationList;
			buildConfigurations = (
				B28C00F117FE6043004A31D9 /* Debug */,
				B28C00F217FE6043004A31D9 /* Release */,
			);
			defaultConfigurationIsVisible = 0;
			defaultConfigurationName = Release;
		};
/* End XCConfigurationList section */
	};
	rootObject = B28C00B017FE6043004A31D9 /* Project object */;
}
